
Microsoft Visual Studio Solution File, Format Version 12.00
# Visual Studio Version 17
VisualStudioVersion = 17.0.31903.59
MinimumVisualStudioVersion = 10.0.40219.1
Project("{2150E333-8FDC-42A3-9474-1A3956D46DE8}") = "chapters", "chapters", "{F4C98C1E-7195-4C6C-BA18-3441024FE2E9}"
EndProject
Project("{2150E333-8FDC-42A3-9474-1A3956D46DE8}") = "0-preface", "0-preface", "{BFFE66F9-48D6-41F8-879E-E86FD05E5C2B}"
EndProject
Project("{FAE04EC0-301F-11D3-BF4B-00C04F79EFBC}") = "code", "chapters\0-preface\code\code.csproj", "{B13CB78B-80AD-47F4-96C5-4EE2AAF1D82A}"
EndProject
Global
	GlobalSection(SolutionConfigurationPlatforms) = preSolution
		Debug|Any CPU = Debug|Any CPU
		Release|Any CPU = Release|Any CPU
	EndGlobalSection
	GlobalSection(SolutionProperties) = preSolution
		HideSolutionNode = FALSE
	EndGlobalSection
	GlobalSection(ProjectConfigurationPlatforms) = postSolution
		{B13CB78B-80AD-47F4-96C5-4EE2AAF1D82A}.Debug|Any CPU.ActiveCfg = Debug|Any CPU
		{B13CB78B-80AD-47F4-96C5-4EE2AAF1D82A}.Debug|Any CPU.Build.0 = Debug|Any CPU
		{B13CB78B-80AD-47F4-96C5-4EE2AAF1D82A}.Release|Any CPU.ActiveCfg = Release|Any CPU
		{B13CB78B-80AD-47F4-96C5-4EE2AAF1D82A}.Release|Any CPU.Build.0 = Release|Any CPU
	EndGlobalSection
	GlobalSection(NestedProjects) = preSolution
		{BFFE66F9-48D6-41F8-879E-E86FD05E5C2B} = {F4C98C1E-7195-4C6C-BA18-3441024FE2E9}
		{B13CB78B-80AD-47F4-96C5-4EE2AAF1D82A} = {BFFE66F9-48D6-41F8-879E-E86FD05E5C2B}
	EndGlobalSection
EndGlobal
